
Microsoft Visual Studio Solution File, Format Version 12.00
# Visual Studio Version 17
VisualStudioVersion = 17.8.34330.188
MinimumVisualStudioVersion = 10.0.40219.1
Project("{9A19103F-16F7-4668-BE54-9A1E7A4F7556}") = "PowerHub", "PowerHub.csproj", "{8B5E7E7A-5F3A-4B3A-9C3A-1234567890AB}"
EndProject
Global
	GlobalSection(SolutionConfigurationPlatforms) = preSolution
		Debug|ARM64 = Debug|ARM64
		Debug|x64 = Debug|x64
		Release|ARM64 = Release|ARM64
		Release|x64 = Release|x64
	EndGlobalSection
	GlobalSection(ProjectConfigurationPlatforms) = postSolution
		{8B5E7E7A-5F3A-4B3A-9C3A-1234567890AB}.Debug|ARM64.ActiveCfg = Debug|ARM64
		{8B5E7E7A-5F3A-4B3A-9C3A-1234567890AB}.Debug|ARM64.Build.0 = Debug|ARM64
		{8B5E7E7A-5F3A-4B3A-9C3A-1234567890AB}.Debug|x64.ActiveCfg = Debug|x64
		{8B5E7E7A-5F3A-4B3A-9C3A-1234567890AB}.Debug|x64.Build.0 = Debug|x64
		{8B5E7E7A-5F3A-4B3A-9C3A-1234567890AB}.Release|ARM64.ActiveCfg = Release|ARM64
		{8B5E7E7A-5F3A-4B3A-9C3A-1234567890AB}.Release|ARM64.Build.0 = Release|ARM64
		{8B5E7E7A-5F3A-4B3A-9C3A-1234567890AB}.Release|x64.ActiveCfg = Release|x64
		{8B5E7E7A-5F3A-4B3A-9C3A-1234567890AB}.Release|x64.Build.0 = Release|x64
	EndGlobalSection
	GlobalSection(SolutionProperties) = preSolution
		HideSolutionNode = FALSE
	EndGlobalSection
EndGlobal
